// !$*UTF8*$!
{
	archiveVersion = 1;
	classes = {
	};
	objectVersion = 46;
	objects = {

/* Begin PBXBuildFile section */
		390B1EE01A1AD28F006506E9 /* Images.xcassets in Resources */ = {isa = PBXBuildFile; fileRef = 390B1EDF1A1AD28F006506E9 /* Images.xcassets */; };
		390B1EEF1A1AD28F006506E9 /* KetoTests.m in Sources */ = {isa = PBXBuildFile; fileRef = 390B1EEE1A1AD28F006506E9 /* KetoTests.m */; };
		393CA1201A25897100D4C4F5 /* KTARootViewController.m in Sources */ = {isa = PBXBuildFile; fileRef = 393CA11E1A25897100D4C4F5 /* KTARootViewController.m */; };
		393CA1211A25897100D4C4F5 /* KTARootViewController.xib in Resources */ = {isa = PBXBuildFile; fileRef = 393CA11F1A25897100D4C4F5 /* KTARootViewController.xib */; };
		393CA1241A2589ED00D4C4F5 /* KTALineGraphView.m in Sources */ = {isa = PBXBuildFile; fileRef = 393CA1231A2589ED00D4C4F5 /* KTALineGraphView.m */; };
		39707A3D1A2D369F007485C5 /* AppDelegate.swift in Sources */ = {isa = PBXBuildFile; fileRef = 39707A3C1A2D369F007485C5 /* AppDelegate.swift */; };
		39707A3F1A2D383F007485C5 /* DataManager.swift in Sources */ = {isa = PBXBuildFile; fileRef = 39707A3E1A2D383F007485C5 /* DataManager.swift */; };
/* End PBXBuildFile section */

/* Begin PBXContainerItemProxy section */
		390B1EE91A1AD28F006506E9 /* PBXContainerItemProxy */ = {
			isa = PBXContainerItemProxy;
			containerPortal = 390B1EC41A1AD28F006506E9 /* Project object */;
			proxyType = 1;
			remoteGlobalIDString = 390B1ECB1A1AD28F006506E9;
			remoteInfo = Keto;
		};
/* End PBXContainerItemProxy section */

/* Begin PBXFileReference section */
		390B1ECC1A1AD28F006506E9 /* K Trackr.app */ = {isa = PBXFileReference; explicitFileType = wrapper.application; includeInIndex = 0; path = "K Trackr.app"; sourceTree = BUILT_PRODUCTS_DIR; };
		390B1ED01A1AD28F006506E9 /* Info.plist */ = {isa = PBXFileReference; lastKnownFileType = text.plist.xml; path = Info.plist; sourceTree = "<group>"; };
		390B1EDF1A1AD28F006506E9 /* Images.xcassets */ = {isa = PBXFileReference; lastKnownFileType = folder.assetcatalog; path = Images.xcassets; sourceTree = "<group>"; };
		390B1EE81A1AD28F006506E9 /* KetoTests.xctest */ = {isa = PBXFileReference; explicitFileType = wrapper.cfbundle; includeInIndex = 0; path = KetoTests.xctest; sourceTree = BUILT_PRODUCTS_DIR; };
		390B1EED1A1AD28F006506E9 /* Info.plist */ = {isa = PBXFileReference; lastKnownFileType = text.plist.xml; path = Info.plist; sourceTree = "<group>"; };
		390B1EEE1A1AD28F006506E9 /* KetoTests.m */ = {isa = PBXFileReference; lastKnownFileType = sourcecode.c.objc; path = KetoTests.m; sourceTree = "<group>"; };
		393CA11D1A25897100D4C4F5 /* KTARootViewController.h */ = {isa = PBXFileReference; fileEncoding = 4; lastKnownFileType = sourcecode.c.h; path = KTARootViewController.h; sourceTree = "<group>"; };
		393CA11E1A25897100D4C4F5 /* KTARootViewController.m */ = {isa = PBXFileReference; fileEncoding = 4; lastKnownFileType = sourcecode.c.objc; path = KTARootViewController.m; sourceTree = "<group>"; };
		393CA11F1A25897100D4C4F5 /* KTARootViewController.xib */ = {isa = PBXFileReference; fileEncoding = 4; lastKnownFileType = file.xib; path = KTARootViewController.xib; sourceTree = "<group>"; };
		393CA1221A2589ED00D4C4F5 /* KTALineGraphView.h */ = {isa = PBXFileReference; fileEncoding = 4; lastKnownFileType = sourcecode.c.h; path = KTALineGraphView.h; sourceTree = "<group>"; };
		393CA1231A2589ED00D4C4F5 /* KTALineGraphView.m */ = {isa = PBXFileReference; fileEncoding = 4; lastKnownFileType = sourcecode.c.objc; path = KTALineGraphView.m; sourceTree = "<group>"; };
		39707A3B1A2D369F007485C5 /* Keto-Bridging-Header.h */ = {isa = PBXFileReference; lastKnownFileType = sourcecode.c.h; path = "Keto-Bridging-Header.h"; sourceTree = "<group>"; };
		39707A3C1A2D369F007485C5 /* AppDelegate.swift */ = {isa = PBXFileReference; fileEncoding = 4; lastKnownFileType = sourcecode.swift; path = AppDelegate.swift; sourceTree = "<group>"; };
		39707A3E1A2D383F007485C5 /* DataManager.swift */ = {isa = PBXFileReference; fileEncoding = 4; lastKnownFileType = sourcecode.swift; path = DataManager.swift; sourceTree = "<group>"; };
/* End PBXFileReference section */

/* Begin PBXFrameworksBuildPhase section */
		390B1EC91A1AD28F006506E9 /* Frameworks */ = {
			isa = PBXFrameworksBuildPhase;
			buildActionMask = 2147483647;
			files = (
			);
			runOnlyForDeploymentPostprocessing = 0;
		};
		390B1EE51A1AD28F006506E9 /* Frameworks */ = {
			isa = PBXFrameworksBuildPhase;
			buildActionMask = 2147483647;
			files = (
			);
			runOnlyForDeploymentPostprocessing = 0;
		};
/* End PBXFrameworksBuildPhase section */

/* Begin PBXGroup section */
		390B1EC31A1AD28F006506E9 = {
			isa = PBXGroup;
			children = (
				390B1ECE1A1AD28F006506E9 /* Keto */,
				390B1EEB1A1AD28F006506E9 /* KetoTests */,
				390B1ECD1A1AD28F006506E9 /* Products */,
			);
			sourceTree = "<group>";
		};
		390B1ECD1A1AD28F006506E9 /* Products */ = {
			isa = PBXGroup;
			children = (
				390B1ECC1A1AD28F006506E9 /* K Trackr.app */,
				390B1EE81A1AD28F006506E9 /* KetoTests.xctest */,
			);
			name = Products;
			sourceTree = "<group>";
		};
		390B1ECE1A1AD28F006506E9 /* Keto */ = {
			isa = PBXGroup;
			children = (
				393CA11D1A25897100D4C4F5 /* KTARootViewController.h */,
				393CA11E1A25897100D4C4F5 /* KTARootViewController.m */,
				393CA1221A2589ED00D4C4F5 /* KTALineGraphView.h */,
				393CA1231A2589ED00D4C4F5 /* KTALineGraphView.m */,
				393CA11F1A25897100D4C4F5 /* KTARootViewController.xib */,
				390B1EDF1A1AD28F006506E9 /* Images.xcassets */,
				390B1ECF1A1AD28F006506E9 /* Supporting Files */,
				39707A3C1A2D369F007485C5 /* AppDelegate.swift */,
				39707A3B1A2D369F007485C5 /* Keto-Bridging-Header.h */,
				39707A3E1A2D383F007485C5 /* DataManager.swift */,
			);
			path = Keto;
			sourceTree = "<group>";
		};
		390B1ECF1A1AD28F006506E9 /* Supporting Files */ = {
			isa = PBXGroup;
			children = (
				390B1ED01A1AD28F006506E9 /* Info.plist */,
			);
			name = "Supporting Files";
			sourceTree = "<group>";
		};
		390B1EEB1A1AD28F006506E9 /* KetoTests */ = {
			isa = PBXGroup;
			children = (
				390B1EEE1A1AD28F006506E9 /* KetoTests.m */,
				390B1EEC1A1AD28F006506E9 /* Supporting Files */,
			);
			path = KetoTests;
			sourceTree = "<group>";
		};
		390B1EEC1A1AD28F006506E9 /* Supporting Files */ = {
			isa = PBXGroup;
			children = (
				390B1EED1A1AD28F006506E9 /* Info.plist */,
			);
			name = "Supporting Files";
			sourceTree = "<group>";
		};
/* End PBXGroup section */

/* Begin PBXNativeTarget section */
		390B1ECB1A1AD28F006506E9 /* Keto */ = {
			isa = PBXNativeTarget;
			buildConfigurationList = 390B1EF21A1AD28F006506E9 /* Build configuration list for PBXNativeTarget "Keto" */;
			buildPhases = (
				390B1EC81A1AD28F006506E9 /* Sources */,
				390B1EC91A1AD28F006506E9 /* Frameworks */,
				390B1ECA1A1AD28F006506E9 /* Resources */,
			);
			buildRules = (
			);
			dependencies = (
			);
			name = Keto;
			productName = Keto;
			productReference = 390B1ECC1A1AD28F006506E9 /* K Trackr.app */;
			productType = "com.apple.product-type.application";
		};
		390B1EE71A1AD28F006506E9 /* KetoTests */ = {
			isa = PBXNativeTarget;
			buildConfigurationList = 390B1EF51A1AD28F006506E9 /* Build configuration list for PBXNativeTarget "KetoTests" */;
			buildPhases = (
				390B1EE41A1AD28F006506E9 /* Sources */,
				390B1EE51A1AD28F006506E9 /* Frameworks */,
				390B1EE61A1AD28F006506E9 /* Resources */,
			);
			buildRules = (
			);
			dependencies = (
				390B1EEA1A1AD28F006506E9 /* PBXTargetDependency */,
			);
			name = KetoTests;
			productName = KetoTests;
			productReference = 390B1EE81A1AD28F006506E9 /* KetoTests.xctest */;
			productType = "com.apple.product-type.bundle.unit-test";
		};
/* End PBXNativeTarget section */

/* Begin PBXProject section */
		390B1EC41A1AD28F006506E9 /* Project object */ = {
			isa = PBXProject;
			attributes = {
				LastUpgradeCheck = 0610;
				ORGANIZATIONNAME = "Nelson LeDuc";
				TargetAttributes = {
					390B1ECB1A1AD28F006506E9 = {
						CreatedOnToolsVersion = 6.1;
					};
					390B1EE71A1AD28F006506E9 = {
						CreatedOnToolsVersion = 6.1;
						TestTargetID = 390B1ECB1A1AD28F006506E9;
					};
				};
			};
			buildConfigurationList = 390B1EC71A1AD28F006506E9 /* Build configuration list for PBXProject "Keto" */;
			compatibilityVersion = "Xcode 3.2";
			developmentRegion = English;
			hasScannedForEncodings = 0;
			knownRegions = (
				en,
				Base,
			);
			mainGroup = 390B1EC31A1AD28F006506E9;
			productRefGroup = 390B1ECD1A1AD28F006506E9 /* Products */;
			projectDirPath = "";
			projectRoot = "";
			targets = (
				390B1ECB1A1AD28F006506E9 /* Keto */,
				390B1EE71A1AD28F006506E9 /* KetoTests */,
			);
		};
/* End PBXProject section */

/* Begin PBXResourcesBuildPhase section */
		390B1ECA1A1AD28F006506E9 /* Resources */ = {
			isa = PBXResourcesBuildPhase;
			buildActionMask = 2147483647;
			files = (
				390B1EE01A1AD28F006506E9 /* Images.xcassets in Resources */,
				393CA1211A25897100D4C4F5 /* KTARootViewController.xib in Resources */,
			);
			runOnlyForDeploymentPostprocessing = 0;
		};
		390B1EE61A1AD28F006506E9 /* Resources */ = {
			isa = PBXResourcesBuildPhase;
			buildActionMask = 2147483647;
			files = (
			);
			runOnlyForDeploymentPostprocessing = 0;
		};
/* End PBXResourcesBuildPhase section */

/* Begin PBXSourcesBuildPhase section */
		390B1EC81A1AD28F006506E9 /* Sources */ = {
			isa = PBXSourcesBuildPhase;
			buildActionMask = 2147483647;
			files = (
				39707A3D1A2D369F007485C5 /* AppDelegate.swift in Sources */,
				39707A3F1A2D383F007485C5 /* DataManager.swift in Sources */,
				393CA1201A25897100D4C4F5 /* KTARootViewController.m in Sources */,
				393CA1241A2589ED00D4C4F5 /* KTALineGraphView.m in Sources */,
			);
			runOnlyForDeploymentPostprocessing = 0;
		};
		390B1EE41A1AD28F006506E9 /* Sources */ = {
			isa = PBXSourcesBuildPhase;
			buildActionMask = 2147483647;
			files = (
				390B1EEF1A1AD28F006506E9 /* KetoTests.m in Sources */,
			);
			runOnlyForDeploymentPostprocessing = 0;
		};
/* End PBXSourcesBuildPhase section */

/* Begin PBXTargetDependency section */
		390B1EEA1A1AD28F006506E9 /* PBXTargetDependency */ = {
			isa = PBXTargetDependency;
			target = 390B1ECB1A1AD28F006506E9 /* Keto */;
			targetProxy = 390B1EE91A1AD28F006506E9 /* PBXContainerItemProxy */;
		};
/* End PBXTargetDependency section */

/* Begin XCBuildConfiguration section */
		390B1EF01A1AD28F006506E9 /* Debug */ = {
			isa = XCBuildConfiguration;
			buildSettings = {
				ALWAYS_SEARCH_USER_PATHS = NO;
				CLANG_CXX_LANGUAGE_STANDARD = "gnu++0x";
				CLANG_CXX_LIBRARY = "libc++";
				CLANG_ENABLE_MODULES = YES;
				CLANG_ENABLE_OBJC_ARC = YES;
				CLANG_WARN_BOOL_CONVERSION = YES;
				CLANG_WARN_CONSTANT_CONVERSION = YES;
				CLANG_WARN_DIRECT_OBJC_ISA_USAGE = YES_ERROR;
				CLANG_WARN_EMPTY_BODY = YES;
				CLANG_WARN_ENUM_CONVERSION = YES;
				CLANG_WARN_INT_CONVERSION = YES;
				CLANG_WARN_OBJC_ROOT_CLASS = YES_ERROR;
				CLANG_WARN_UNREACHABLE_CODE = YES;
				CLANG_WARN__DUPLICATE_METHOD_MATCH = YES;
				"CODE_SIGN_IDENTITY[sdk=iphoneos*]" = "iPhone Developer";
				COPY_PHASE_STRIP = NO;
				ENABLE_STRICT_OBJC_MSGSEND = YES;
				GCC_C_LANGUAGE_STANDARD = gnu99;
				GCC_DYNAMIC_NO_PIC = NO;
				GCC_OPTIMIZATION_LEVEL = 0;
				GCC_PREPROCESSOR_DEFINITIONS = (
					"DEBUG=1",
					"$(inherited)",
				);
				GCC_SYMBOLS_PRIVATE_EXTERN = NO;
				GCC_WARN_64_TO_32_BIT_CONVERSION = YES;
				GCC_WARN_ABOUT_RETURN_TYPE = YES_ERROR;
				GCC_WARN_UNDECLARED_SELECTOR = YES;
				GCC_WARN_UNINITIALIZED_AUTOS = YES_AGGRESSIVE;
				GCC_WARN_UNUSED_FUNCTION = YES;
				GCC_WARN_UNUSED_VARIABLE = YES;
				IPHONEOS_DEPLOYMENT_TARGET = 8.1;
				MTL_ENABLE_DEBUG_INFO = YES;
				ONLY_ACTIVE_ARCH = YES;
				PRODUCT_MODULE_NAME = KetoTrack;
				PRODUCT_NAME = KetoTrack;
				SDKROOT = iphoneos;
			};
			name = Debug;
		};
		390B1EF11A1AD28F006506E9 /* Release */ = {
			isa = XCBuildConfiguration;
			buildSettings = {
				ALWAYS_SEARCH_USER_PATHS = NO;
				CLANG_CXX_LANGUAGE_STANDARD = "gnu++0x";
				CLANG_CXX_LIBRARY = "libc++";
				CLANG_ENABLE_MODULES = YES;
				CLANG_ENABLE_OBJC_ARC = YES;
				CLANG_WARN_BOOL_CONVERSION = YES;
				CLANG_WARN_CONSTANT_CONVERSION = YES;
				CLANG_WARN_DIRECT_OBJC_ISA_USAGE = YES_ERROR;
				CLANG_WARN_EMPTY_BODY = YES;
				CLANG_WARN_ENUM_CONVERSION = YES;
				CLANG_WARN_INT_CONVERSION = YES;
				CLANG_WARN_OBJC_ROOT_CLASS = YES_ERROR;
				CLANG_WARN_UNREACHABLE_CODE = YES;
				CLANG_WARN__DUPLICATE_METHOD_MATCH = YES;
				"CODE_SIGN_IDENTITY[sdk=iphoneos*]" = "iPhone Developer";
				COPY_PHASE_STRIP = YES;
				ENABLE_NS_ASSERTIONS = NO;
				ENABLE_STRICT_OBJC_MSGSEND = YES;
				GCC_C_LANGUAGE_STANDARD = gnu99;
				GCC_WARN_64_TO_32_BIT_CONVERSION = YES;
				GCC_WARN_ABOUT_RETURN_TYPE = YES_ERROR;
				GCC_WARN_UNDECLARED_SELECTOR = YES;
				GCC_WARN_UNINITIALIZED_AUTOS = YES_AGGRESSIVE;
				GCC_WARN_UNUSED_FUNCTION = YES;
				GCC_WARN_UNUSED_VARIABLE = YES;
				IPHONEOS_DEPLOYMENT_TARGET = 8.1;
				MTL_ENABLE_DEBUG_INFO = NO;
				PRODUCT_MODULE_NAME = KetoTrack;
				PRODUCT_NAME = KetoTrack;
				SDKROOT = iphoneos;
				VALIDATE_PRODUCT = YES;
			};
			name = Release;
		};
		390B1EF31A1AD28F006506E9 /* Debug */ = {
			isa = XCBuildConfiguration;
			buildSettings = {
				ASSETCATALOG_COMPILER_APPICON_NAME = AppIcon;
				ASSETCATALOG_COMPILER_LAUNCHIMAGE_NAME = LaunchImage;
				CLANG_ENABLE_MODULES = YES;
				INFOPLIST_FILE = Keto/Info.plist;
				LD_RUNPATH_SEARCH_PATHS = "$(inherited) @executable_path/Frameworks";
				PRODUCT_NAME = "K Trackr";
				SWIFT_OBJC_BRIDGING_HEADER = "Keto/Keto-Bridging-Header.h";
				SWIFT_OPTIMIZATION_LEVEL = "-Onone";
			};
			name = Debug;
		};
		390B1EF41A1AD28F006506E9 /* Release */ = {
			isa = XCBuildConfiguration;
			buildSettings = {
				ASSETCATALOG_COMPILER_APPICON_NAME = AppIcon;
				ASSETCATALOG_COMPILER_LAUNCHIMAGE_NAME = LaunchImage;
				CLANG_ENABLE_MODULES = YES;
				INFOPLIST_FILE = Keto/Info.plist;
				LD_RUNPATH_SEARCH_PATHS = "$(inherited) @executable_path/Frameworks";
				PRODUCT_NAME = "K Trackr";
				SWIFT_OBJC_BRIDGING_HEADER = "Keto/Keto-Bridging-Header.h";
			};
			name = Release;
		};
		390B1EF61A1AD28F006506E9 /* Debug */ = {
			isa = XCBuildConfiguration;
			buildSettings = {
				BUNDLE_LOADER = "$(TEST_HOST)";
				FRAMEWORK_SEARCH_PATHS = (
					"$(SDKROOT)/Developer/Library/Frameworks",
					"$(inherited)",
				);
				GCC_PREPROCESSOR_DEFINITIONS = (
					"DEBUG=1",
					"$(inherited)",
				);
				INFOPLIST_FILE = KetoTests/Info.plist;
				LD_RUNPATH_SEARCH_PATHS = "$(inherited) @executable_path/Frameworks @loader_path/Frameworks";
				PRODUCT_NAME = KetoTests;
				TEST_HOST = "$(BUILT_PRODUCTS_DIR)/Keto.app/Keto";
			};
			name = Debug;
		};
		390B1EF71A1AD28F006506E9 /* Release */ = {
			isa = XCBuildConfiguration;
			buildSettings = {
				BUNDLE_LOADER = "$(TEST_HOST)";
				FRAMEWORK_SEARCH_PATHS = (
					"$(SDKROOT)/Developer/Library/Frameworks",
					"$(inherited)",
				);
				INFOPLIST_FILE = KetoTests/Info.plist;
				LD_RUNPATH_SEARCH_PATHS = "$(inherited) @executable_path/Frameworks @loader_path/Frameworks";
				PRODUCT_NAME = KetoTests;
				TEST_HOST = "$(BUILT_PRODUCTS_DIR)/Keto.app/Keto";
			};
			name = Release;
		};
/* End XCBuildConfiguration section */

/* Begin XCConfigurationList section */
		390B1EC71A1AD28F006506E9 /* Build configuration list for PBXProject "Keto" */ = {
			isa = XCConfigurationList;
			buildConfigurations = (
				390B1EF01A1AD28F006506E9 /* Debug */,
				390B1EF11A1AD28F006506E9 /* Release */,
			);
			defaultConfigurationIsVisible = 0;
			defaultConfigurationName = Release;
		};
		390B1EF21A1AD28F006506E9 /* Build configuration list for PBXNativeTarget "Keto" */ = {
			isa = XCConfigurationList;
			buildConfigurations = (
				390B1EF31A1AD28F006506E9 /* Debug */,
				390B1EF41A1AD28F006506E9 /* Release */,
			);
			defaultConfigurationIsVisible = 0;
			defaultConfigurationName = Release;
		};
		390B1EF51A1AD28F006506E9 /* Build configuration list for PBXNativeTarget "KetoTests" */ = {
			isa = XCConfigurationList;
			buildConfigurations = (
				390B1EF61A1AD28F006506E9 /* Debug */,
				390B1EF71A1AD28F006506E9 /* Release */,
			);
			defaultConfigurationIsVisible = 0;
			defaultConfigurationName = Release;
		};
/* End XCConfigurationList section */
	};
	rootObject = 390B1EC41A1AD28F006506E9 /* Project object */;
}
